<?xml version="1.0" encoding="utf-8"?>
<Project ToolsVersion="4.0" xmlns="http://schemas.microsoft.com/developer/msbuild/2003">
  <ItemGroup>
    <ClCompile Include="..\..\..\src\IniFile.cpp" />
    <ClCompile Include="..\..\..\src\Log.cpp" />
    <ClCompile Include="..\..\..\src\main.cpp" />
    <ClCompile Include="..\..\..\src\sound\audiere\audio.cpp">
      <Filter>sound</Filter>
    </ClCompile>
    <ClCompile Include="..\..\..\src\io\Blob.cpp">
      <Filter>io</Filter>
    </ClCompile>
    <ClCompile Include="..\..\..\src\error.cpp" />
    <ClCompile Include="..\..\..\src\graphics\Canvas.cpp">
      <Filter>graphics</Filter>
    </ClCompile>
    <ClCompile Include="..\..\..\src\io\data.cpp">
      <Filter>io</Filter>
    </ClCompile>
    <ClCompile Include="..\..\..\src\io\File.cpp">
      <Filter>io</Filter>
    </ClCompile>
    <ClCompile Include="..\..\..\src\graphics\corona\image.cpp">
      <Filter>graphics</Filter>
    </ClCompile>
    <ClCompile Include="..\..\..\src\input\sdl\input.cpp">
      <Filter>input</Filter>
    </ClCompile>
    <ClCompile Include="..\..\..\src\io\boost\filesystem.cpp">
      <Filter>io</Filter>
    </ClCompile>
    <ClCompile Include="..\..\..\src\sound\audiere\Sound.cpp">
      <Filter>sound</Filter>
    </ClCompile>
    <ClCompile Include="..\..\..\src\sound\audiere\SoundEffect.cpp">
      <Filter>sound</Filter>
    </ClCompile>
    <ClCompile Include="..\..\..\src\system\win32\system.cpp">
      <Filter>system</Filter>
    </ClCompile>
    <ClCompile Include="..\..\..\src\io\endian.cpp">
      <Filter>io</Filter>
    </ClCompile>
    <ClCompile Include="..\..\..\src\script\script.cpp">
      <Filter>script</Filter>
    </ClCompile>
    <ClCompile Include="..\..\..\src\util\ZStream.cpp">
      <Filter>util</Filter>
    </ClCompile>
    <ClCompile Include="..\..\..\src\graphics\sdl_opengl\Texture.cpp">
      <Filter>graphics</Filter>
    </ClCompile>
    <ClCompile Include="..\..\..\src\graphics\sdl_opengl\video.cpp">
      <Filter>graphics</Filter>
    </ClCompile>
  </ItemGroup>
  <ItemGroup>
    <ResourceCompile Include="..\test.rc" />
  </ItemGroup>
  <ItemGroup>
    <Filter Include="system">
      <UniqueIdentifier>{3a4cae03-f45b-4ea2-80e4-5b5758452450}</UniqueIdentifier>
    </Filter>
    <Filter Include="sound">
      <UniqueIdentifier>{6b003bb2-697f-48ac-b21e-e8df78d31c69}</UniqueIdentifier>
    </Filter>
    <Filter Include="graphics">
      <UniqueIdentifier>{ef8ced1d-0c53-4f75-930a-443192126360}</UniqueIdentifier>
    </Filter>
    <Filter Include="io">
      <UniqueIdentifier>{8643e61f-a487-463a-9fde-d3f54fc1bcf4}</UniqueIdentifier>
    </Filter>
    <Filter Include="util">
      <UniqueIdentifier>{c6a3113e-2674-4b0d-8b83-5c442eba0bd6}</UniqueIdentifier>
    </Filter>
    <Filter Include="input">
      <UniqueIdentifier>{b236274d-ca70-42b4-9a61-c7d6e703e6e7}</UniqueIdentifier>
    </Filter>
    <Filter Include="script">
      <UniqueIdentifier>{c4ac175d-c8a2-4b8f-81aa-b6a3fb2e2e49}</UniqueIdentifier>
    </Filter>
  </ItemGroup>
</Project>