<?xml version="1.0" encoding="utf-8"?>
<Project ToolsVersion="4.0" xmlns="http://schemas.microsoft.com/developer/msbuild/2003">
  <ItemGroup>
    <ClCompile Include="..\..\..\src\IniFile.cpp" />
    <ClCompile Include="..\..\..\src\Log.cpp" />
    <ClCompile Include="..\..\..\src\main.cpp" />
    <ClCompile Include="..\..\..\src\input\win\win_input.cpp">
      <Filter>input</Filter>
    </ClCompile>
    <ClCompile Include="..\..\..\src\io\endian.cpp">
      <Filter>io</Filter>
    </ClCompile>
    <ClCompile Include="..\..\..\src\io\File.cpp">
      <Filter>io</Filter>
    </ClCompile>
    <ClCompile Include="..\..\..\src\system\win\win_system.cpp">
      <Filter>system</Filter>
    </ClCompile>
    <ClCompile Include="..\..\..\src\system\win\win_winmain.cpp">
      <Filter>system</Filter>
    </ClCompile>
    <ClCompile Include="..\..\..\src\io\numio.cpp">
      <Filter>io</Filter>
    </ClCompile>
    <ClCompile Include="..\..\..\src\compression\ZStream.cpp">
      <Filter>compression</Filter>
    </ClCompile>
    <ClCompile Include="..\..\..\src\script\audiolib.cpp">
      <Filter>script</Filter>
    </ClCompile>
    <ClCompile Include="..\..\..\src\script\baselib.cpp">
      <Filter>script</Filter>
    </ClCompile>
    <ClCompile Include="..\..\..\src\script\compressionlib.cpp">
      <Filter>script</Filter>
    </ClCompile>
    <ClCompile Include="..\..\..\src\script\graphicslib.cpp">
      <Filter>script</Filter>
    </ClCompile>
    <ClCompile Include="..\..\..\src\script\inputlib.cpp">
      <Filter>script</Filter>
    </ClCompile>
    <ClCompile Include="..\..\..\src\script\iolib.cpp">
      <Filter>script</Filter>
    </ClCompile>
    <ClCompile Include="..\..\..\src\script\mathlib.cpp">
      <Filter>script</Filter>
    </ClCompile>
    <ClCompile Include="..\..\..\src\script\systemlib.cpp">
      <Filter>script</Filter>
    </ClCompile>
    <ClCompile Include="..\..\..\src\script\util.cpp">
      <Filter>script</Filter>
    </ClCompile>
    <ClCompile Include="..\..\..\src\script\vm.cpp">
      <Filter>script</Filter>
    </ClCompile>
    <ClCompile Include="..\..\..\src\graphics\Canvas.cpp">
      <Filter>graphics</Filter>
    </ClCompile>
    <ClCompile Include="..\..\..\src\graphics\win\win_video.cpp">
      <Filter>graphics</Filter>
    </ClCompile>
    <ClCompile Include="..\..\..\src\audio\audiere\audiere_audio.cpp">
      <Filter>audio</Filter>
    </ClCompile>
    <ClCompile Include="..\..\..\src\audio\audiere\Sound.cpp">
      <Filter>audio</Filter>
    </ClCompile>
    <ClCompile Include="..\..\..\src\audio\audiere\SoundEffect.cpp">
      <Filter>audio</Filter>
    </ClCompile>
    <ClCompile Include="..\..\..\src\base\Blob.cpp">
      <Filter>base</Filter>
    </ClCompile>
    <ClCompile Include="..\..\..\src\io\boost\boost_filesystem.cpp">
      <Filter>io</Filter>
    </ClCompile>
    <ClCompile Include="..\..\..\src\io\imageio.cpp">
      <Filter>io</Filter>
    </ClCompile>
  </ItemGroup>
  <ItemGroup>
    <ResourceCompile Include="..\test.rc" />
  </ItemGroup>
  <ItemGroup>
    <Filter Include="io">
      <UniqueIdentifier>{8643e61f-a487-463a-9fde-d3f54fc1bcf4}</UniqueIdentifier>
    </Filter>
    <Filter Include="input">
      <UniqueIdentifier>{b236274d-ca70-42b4-9a61-c7d6e703e6e7}</UniqueIdentifier>
    </Filter>
    <Filter Include="script">
      <UniqueIdentifier>{c4ac175d-c8a2-4b8f-81aa-b6a3fb2e2e49}</UniqueIdentifier>
    </Filter>
    <Filter Include="audio">
      <UniqueIdentifier>{6b003bb2-697f-48ac-b21e-e8df78d31c69}</UniqueIdentifier>
    </Filter>
    <Filter Include="system">
      <UniqueIdentifier>{9b194927-4106-416d-abf6-815ad5bcfc7e}</UniqueIdentifier>
    </Filter>
    <Filter Include="compression">
      <UniqueIdentifier>{6e18eec2-8833-494a-91be-436ef887f492}</UniqueIdentifier>
    </Filter>
    <Filter Include="graphics">
      <UniqueIdentifier>{ef8ced1d-0c53-4f75-930a-443192126360}</UniqueIdentifier>
    </Filter>
    <Filter Include="base">
      <UniqueIdentifier>{c6a3113e-2674-4b0d-8b83-5c442eba0bd6}</UniqueIdentifier>
    </Filter>
  </ItemGroup>
</Project>